
Microsoft Visual Studio Solution File, Format Version 12.00
# Visual Studio 15
VisualStudioVersion = 15.0.28010.2046
MinimumVisualStudioVersion = 10.0.40219.1
Project("{FAE04EC0-301F-11D3-BF4B-00C04F79EFBC}") = "McMickingNet", "McMickingNet\McMickingNet.csproj", "{46231E0B-55C4-4110-93F7-5BA417728170}"
EndProject
Global
	GlobalSection(SolutionConfigurationPlatforms) = preSolution
		Debug|Any CPU = Debug|Any CPU
		Release|Any CPU = Release|Any CPU
	EndGlobalSection
	GlobalSection(ProjectConfigurationPlatforms) = postSolution
		{46231E0B-55C4-4110-93F7-5BA417728170}.Debug|Any CPU.ActiveCfg = Debug|Any CPU
		{46231E0B-55C4-4110-93F7-5BA417728170}.Debug|Any CPU.Build.0 = Debug|Any CPU
		{46231E0B-55C4-4110-93F7-5BA417728170}.Release|Any CPU.ActiveCfg = Release|Any CPU
		{46231E0B-55C4-4110-93F7-5BA417728170}.Release|Any CPU.Build.0 = Release|Any CPU
	EndGlobalSection
	GlobalSection(SolutionProperties) = preSolution
		HideSolutionNode = FALSE
	EndGlobalSection
	GlobalSection(ExtensibilityGlobals) = postSolution
		SolutionGuid = {5C639E43-A211-4D16-B922-93F3BBD642FD}
	EndGlobalSection
EndGlobal
